
Microsoft Visual Studio Solution File, Format Version 12.00
# Visual Studio Version 17
VisualStudioVersion = 17.0.32014.148
MinimumVisualStudioVersion = 10.0.40219.1
Project("{FAE04EC0-301F-11D3-BF4B-00C04F79EFBC}") = "TouhouStageFramework", "TouhouStageFramework.csproj", "{D3A8B180-A26E-41A3-B78A-0F70980C148E}"
EndProject
Global
	GlobalSection(SolutionConfigurationPlatforms) = preSolution
		Debug|Any CPU = Debug|Any CPU
		Release|Any CPU = Release|Any CPU
	EndGlobalSection
	GlobalSection(ProjectConfigurationPlatforms) = postSolution
		{D3A8B180-A26E-41A3-B78A-0F70980C148E}.Debug|Any CPU.ActiveCfg = Debug|Any CPU
		{D3A8B180-A26E-41A3-B78A-0F70980C148E}.Debug|Any CPU.Build.0 = Debug|Any CPU
		{D3A8B180-A26E-41A3-B78A-0F70980C148E}.Release|Any CPU.ActiveCfg = Release|Any CPU
		{D3A8B180-A26E-41A3-B78A-0F70980C148E}.Release|Any CPU.Build.0 = Release|Any CPU
	EndGlobalSection
	GlobalSection(SolutionProperties) = preSolution
		HideSolutionNode = FALSE
	EndGlobalSection
	GlobalSection(ExtensibilityGlobals) = postSolution
		SolutionGuid = {64DDF5D1-BCCD-478D-B2C4-3A4338244E66}
	EndGlobalSection
EndGlobal
